<?xml version="1.0"?>
<CONFIG>
  <ProjectOptions>
    <Version Value="9"/>
    <PathDelim Value="\"/>
    <General>
      <MainUnit Value="0"/>
      <AutoCreateForms Value="False"/>
      <ResourceType Value="res"/>
      <UseXPManifest Value="True"/>
      <Icon Value="0"/>
      <ActiveWindowIndexAtStart Value="0"/>
    </General>
    <i18n>
      <EnableI18N LFM="False"/>
    </i18n>
    <VersionInfo>
      <UseVersionInfo Value="True"/>
      <AutoIncrementBuild Value="True"/>
      <MinorVersionNr Value="6"/>
      <BuildNr Value="12"/>
      <Language Value="080A"/>
      <StringTable ProductVersion=""/>
    </VersionInfo>
    <BuildModes Count="1" Active="Default">
      <Item1 Name="Default" Default="True"/>
    </BuildModes>
    <PublishOptions>
      <Version Value="2"/>
      <IncludeFileFilter Value="*.(pas|pp|inc|lfm|lpr|lrs|lpi|lpk|sh|xml)"/>
      <ExcludeFileFilter Value="*.(bak|ppu|o|so);*~;backup"/>
    </PublishOptions>
    <RunParams>
      <local>
        <FormatVersion Value="1"/>
      </local>
    </RunParams>
    <RequiredPackages Count="6">
      <Item1>
        <PackageName Value="rx"/>
        <MinVersion Major="1" Valid="True"/>
      </Item1>
      <Item2>
        <PackageName Value="FCL"/>
        <MinVersion Major="1" Valid="True"/>
      </Item2>
      <Item3>
        <PackageName Value="rxnew"/>
        <MinVersion Major="1" Minor="1" Release="4" Build="93" Valid="True"/>
      </Item3>
      <Item4>
        <PackageName Value="lazreport"/>
        <MinVersion Minor="9" Release="8" Valid="True"/>
      </Item4>
      <Item5>
        <PackageName Value="zcomponent"/>
        <MinVersion Major="6" Minor="6" Release="6" Valid="True"/>
      </Item5>
      <Item6>
        <PackageName Value="LCL"/>
      </Item6>
    </RequiredPackages>
    <Units Count="50">
      <Unit0>
        <Filename Value="gac.lpr"/>
        <IsPartOfProject Value="True"/>
        <UnitName Value="gac"/>
        <EditorIndex Value="11"/>
        <WindowIndex Value="0"/>
        <TopLine Value="6"/>
        <CursorPos X="55" Y="24"/>
        <UsageCount Value="200"/>
        <Loaded Value="True"/>
      </Unit0>
      <Unit1>
        <Filename Value="frm_principal.pas"/>
        <IsPartOfProject Value="True"/>
        <ComponentName Value="frmAlquileres"/>
        <HasResources Value="True"/>
        <ResourceBaseClass Value="Form"/>
        <UnitName Value="frm_principal"/>
        <EditorIndex Value="0"/>
        <WindowIndex Value="0"/>
        <TopLine Value="178"/>
        <CursorPos X="118" Y="190"/>
        <UsageCount Value="200"/>
        <Loaded Value="True"/>
        <LoadedDesigner Value="True"/>
      </Unit1>
      <Unit2>
        <Filename Value="dmconexion.pas"/>
        <IsPartOfProject Value="True"/>
        <ComponentName Value="DM_Conexion"/>
        <HasResources Value="True"/>
        <ResourceBaseClass Value="DataModule"/>
        <UnitName Value="dmConexion"/>
        <WindowIndex Value="0"/>
        <TopLine Value="1"/>
        <CursorPos X="1" Y="1"/>
        <UsageCount Value="200"/>
      </Unit2>
      <Unit3>
        <Filename Value="dmgeneral.pas"/>
        <IsPartOfProject Value="True"/>
        <ComponentName Value="DM_General"/>
        <HasResources Value="True"/>
        <ResourceBaseClass Value="DataModule"/>
        <UnitName Value="dmgeneral"/>
        <EditorIndex Value="8"/>
        <WindowIndex Value="0"/>
        <TopLine Value="1"/>
        <CursorPos X="1" Y="18"/>
        <UsageCount Value="200"/>
        <Loaded Value="True"/>
      </Unit3>
      <Unit4>
        <Filename Value="SD_Configuracion.pas"/>
        <IsPartOfProject Value="True"/>
        <UnitName Value="SD_Configuracion"/>
        <UsageCount Value="200"/>
      </Unit4>
      <Unit5>
        <Filename Value="frm_movimientoscaja.pas"/>
        <IsPartOfProject Value="True"/>
        <ComponentName Value="frmCajaMovimientos"/>
        <HasResources Value="True"/>
        <ResourceBaseClass Value="Form"/>
        <UnitName Value="frm_movimientoscaja"/>
        <WindowIndex Value="0"/>
        <TopLine Value="1"/>
        <CursorPos X="21" Y="5"/>
        <UsageCount Value="200"/>
      </Unit5>
      <Unit6>
        <Filename Value="frm_movimientocajaae.pas"/>
        <IsPartOfProject Value="True"/>
        <ComponentName Value="frmMovimientoCajaAE"/>
        <HasResources Value="True"/>
        <ResourceBaseClass Value="Form"/>
        <UnitName Value="frm_movimientocajaae"/>
        <WindowIndex Value="0"/>
        <TopLine Value="45"/>
        <CursorPos X="26" Y="51"/>
        <UsageCount Value="200"/>
      </Unit6>
      <Unit7>
        <Filename Value="dmcaja.pas"/>
        <IsPartOfProject Value="True"/>
        <ComponentName Value="DM_Caja"/>
        <HasResources Value="True"/>
        <ResourceBaseClass Value="DataModule"/>
        <UnitName Value="dmcaja"/>
        <EditorIndex Value="7"/>
        <WindowIndex Value="0"/>
        <TopLine Value="27"/>
        <CursorPos X="127" Y="46"/>
        <UsageCount Value="200"/>
        <Loaded Value="True"/>
        <LoadedDesigner Value="True"/>
      </Unit7>
      <Unit8>
        <Filename Value="frm_personaae.pas"/>
        <IsPartOfProject Value="True"/>
        <ComponentName Value="frmPersonaAE"/>
        <HasResources Value="True"/>
        <ResourceBaseClass Value="Form"/>
        <UnitName Value="frm_personaae"/>
        <WindowIndex Value="0"/>
        <TopLine Value="10"/>
        <CursorPos X="3" Y="15"/>
        <UsageCount Value="200"/>
      </Unit8>
      <Unit9>
        <Filename Value="dmpersonas.pas"/>
        <IsPartOfProject Value="True"/>
        <ComponentName Value="DM_Personas"/>
        <ResourceBaseClass Value="DataModule"/>
        <UnitName Value="dmpersonas"/>
        <WindowIndex Value="0"/>
        <TopLine Value="58"/>
        <CursorPos X="50" Y="78"/>
        <UsageCount Value="201"/>
      </Unit9>
      <Unit10>
        <Filename Value="frm_propietariosae.pas"/>
        <IsPartOfProject Value="True"/>
        <ComponentName Value="frmPropietarios"/>
        <HasResources Value="True"/>
        <ResourceBaseClass Value="Form"/>
        <UnitName Value="frm_propietariosae"/>
        <WindowIndex Value="0"/>
        <TopLine Value="233"/>
        <CursorPos X="1" Y="241"/>
        <UsageCount Value="200"/>
      </Unit10>
      <Unit11>
        <Filename Value="dmpropietarios.pas"/>
        <IsPartOfProject Value="True"/>
        <ComponentName Value="DM_Propietarios"/>
        <HasResources Value="True"/>
        <ResourceBaseClass Value="DataModule"/>
        <UnitName Value="dmpropietarios"/>
        <WindowIndex Value="0"/>
        <TopLine Value="56"/>
        <CursorPos X="50" Y="366"/>
        <UsageCount Value="200"/>
      </Unit11>
      <Unit12>
        <Filename Value="frm_ediciontugs.pas"/>
        <IsPartOfProject Value="True"/>
        <ComponentName Value="frmEdicionTugs"/>
        <HasResources Value="True"/>
        <ResourceBaseClass Value="Form"/>
        <UnitName Value="frm_ediciontugs"/>
        <WindowIndex Value="0"/>
        <TopLine Value="25"/>
        <CursorPos X="36" Y="60"/>
        <UsageCount Value="200"/>
      </Unit12>
      <Unit13>
        <Filename Value="dmediciontugs.pas"/>
        <IsPartOfProject Value="True"/>
        <ComponentName Value="DM_EdicionTUGs"/>
        <HasResources Value="True"/>
        <ResourceBaseClass Value="DataModule"/>
        <UnitName Value="dmediciontugs"/>
        <WindowIndex Value="0"/>
        <TopLine Value="1"/>
        <CursorPos X="34" Y="14"/>
        <UsageCount Value="200"/>
      </Unit13>
      <Unit14>
        <Filename Value="frm_contactosae.pas"/>
        <IsPartOfProject Value="True"/>
        <ComponentName Value="frmContactosAE"/>
        <HasResources Value="True"/>
        <ResourceBaseClass Value="Form"/>
        <UnitName Value="frm_contactosAE"/>
        <WindowIndex Value="0"/>
        <TopLine Value="65"/>
        <CursorPos X="46" Y="100"/>
        <UsageCount Value="200"/>
      </Unit14>
      <Unit15>
        <Filename Value="frm_domicilioae.pas"/>
        <IsPartOfProject Value="True"/>
        <ComponentName Value="frm_DomiciliosAE"/>
        <HasResources Value="True"/>
        <ResourceBaseClass Value="Form"/>
        <UnitName Value="frm_domicilioae"/>
        <WindowIndex Value="0"/>
        <TopLine Value="55"/>
        <CursorPos X="48" Y="10"/>
        <UsageCount Value="200"/>
      </Unit15>
      <Unit16>
        <Filename Value="frm_propietarioscuentas.pas"/>
        <IsPartOfProject Value="True"/>
        <ComponentName Value="frmPropietariosCuentas"/>
        <HasResources Value="True"/>
        <ResourceBaseClass Value="Form"/>
        <UnitName Value="frm_propietarioscuentas"/>
        <WindowIndex Value="0"/>
        <TopLine Value="72"/>
        <CursorPos X="70" Y="75"/>
        <UsageCount Value="200"/>
      </Unit16>
      <Unit17>
        <Filename Value="versioninfo.pas"/>
        <IsPartOfProject Value="True"/>
        <UnitName Value="versioninfo"/>
        <UsageCount Value="200"/>
      </Unit17>
      <Unit18>
        <Filename Value="frm_buscarpropietarios.pas"/>
        <IsPartOfProject Value="True"/>
        <ComponentName Value="frmBuscarPropietarios"/>
        <HasResources Value="True"/>
        <ResourceBaseClass Value="Form"/>
        <UnitName Value="frm_buscarpropietarios"/>
        <WindowIndex Value="0"/>
        <TopLine Value="137"/>
        <CursorPos X="94" Y="138"/>
        <UsageCount Value="201"/>
      </Unit18>
      <Unit19>
        <Filename Value="frm_propiedadesae.pas"/>
        <IsPartOfProject Value="True"/>
        <ComponentName Value="frmPropiedadAE"/>
        <HasResources Value="True"/>
        <ResourceBaseClass Value="Form"/>
        <UnitName Value="frm_propiedadesae"/>
        <WindowIndex Value="0"/>
        <TopLine Value="1"/>
        <CursorPos X="120" Y="7"/>
        <UsageCount Value="200"/>
      </Unit19>
      <Unit20>
        <Filename Value="dmpropiedades.pas"/>
        <IsPartOfProject Value="True"/>
        <ComponentName Value="DM_Propiedades"/>
        <HasResources Value="True"/>
        <ResourceBaseClass Value="DataModule"/>
        <UnitName Value="dmpropiedades"/>
        <WindowIndex Value="0"/>
        <TopLine Value="196"/>
        <CursorPos X="61" Y="210"/>
        <UsageCount Value="200"/>
      </Unit20>
      <Unit21>
        <Filename Value="..\..\..\Utiles\lazarus\lcl\extctrls.pp"/>
        <UnitName Value="ExtCtrls"/>
        <WindowIndex Value="0"/>
        <TopLine Value="766"/>
        <CursorPos X="3" Y="781"/>
        <UsageCount Value="9"/>
      </Unit21>
      <Unit22>
        <Filename Value="frm_buscarpropiedades.pas"/>
        <IsPartOfProject Value="True"/>
        <ComponentName Value="frmBuscarPropiedades"/>
        <HasResources Value="True"/>
        <ResourceBaseClass Value="Form"/>
        <UnitName Value="frm_buscarpropiedades"/>
        <WindowIndex Value="0"/>
        <TopLine Value="97"/>
        <CursorPos X="3" Y="97"/>
        <UsageCount Value="188"/>
      </Unit22>
      <Unit23>
        <Filename Value="dminquilinos.pas"/>
        <IsPartOfProject Value="True"/>
        <ComponentName Value="DM_Inquilinos"/>
        <HasResources Value="True"/>
        <ResourceBaseClass Value="DataModule"/>
        <UnitName Value="dminquilinos"/>
        <WindowIndex Value="0"/>
        <TopLine Value="49"/>
        <CursorPos X="3" Y="66"/>
        <UsageCount Value="180"/>
      </Unit23>
      <Unit24>
        <Filename Value="frm_inquilinosae.pas"/>
        <IsPartOfProject Value="True"/>
        <ComponentName Value="frmInquilinosAE"/>
        <HasResources Value="True"/>
        <ResourceBaseClass Value="Form"/>
        <UnitName Value="frm_inquilinosae"/>
        <WindowIndex Value="0"/>
        <TopLine Value="32"/>
        <CursorPos X="90" Y="32"/>
        <UsageCount Value="180"/>
      </Unit24>
      <Unit25>
        <Filename Value="frm_inquilinoslistado.pas"/>
        <IsPartOfProject Value="True"/>
        <ComponentName Value="frmInquilinosListado"/>
        <HasResources Value="True"/>
        <ResourceBaseClass Value="Form"/>
        <UnitName Value="frm_inquilinoslistado"/>
        <WindowIndex Value="0"/>
        <TopLine Value="60"/>
        <CursorPos X="1" Y="73"/>
        <UsageCount Value="170"/>
      </Unit25>
      <Unit26>
        <Filename Value="frm_contratoae.pas"/>
        <IsPartOfProject Value="True"/>
        <ComponentName Value="frmContratoAE"/>
        <HasResources Value="True"/>
        <ResourceBaseClass Value="Form"/>
        <UnitName Value="frm_contratoae"/>
        <EditorIndex Value="1"/>
        <WindowIndex Value="0"/>
        <TopLine Value="697"/>
        <CursorPos X="30" Y="722"/>
        <UsageCount Value="166"/>
        <Bookmarks Count="2">
          <Item0 X="3" Y="330" ID="2"/>
          <Item1 X="9" Y="669" ID="1"/>
        </Bookmarks>
        <Loaded Value="True"/>
        <LoadedDesigner Value="True"/>
      </Unit26>
      <Unit27>
        <Filename Value="dmcontratos.pas"/>
        <IsPartOfProject Value="True"/>
        <ComponentName Value="DM_Contratos"/>
        <HasResources Value="True"/>
        <ResourceBaseClass Value="DataModule"/>
        <UnitName Value="dmcontratos"/>
        <WindowIndex Value="0"/>
        <TopLine Value="310"/>
        <CursorPos X="45" Y="326"/>
        <UsageCount Value="166"/>
      </Unit27>
      <Unit28>
        <Filename Value="frm_gastosmensualeslistado.pas"/>
        <IsPartOfProject Value="True"/>
        <ComponentName Value="frmGastosMensualesListado"/>
        <HasResources Value="True"/>
        <ResourceBaseClass Value="Form"/>
        <UnitName Value="frm_gastosmensualeslistado"/>
        <WindowIndex Value="0"/>
        <TopLine Value="52"/>
        <CursorPos X="15" Y="70"/>
        <UsageCount Value="153"/>
      </Unit28>
      <Unit29>
        <Filename Value="frm_gastomensualdestino.pas"/>
        <IsPartOfProject Value="True"/>
        <ComponentName Value="frmDestinoGasto"/>
        <HasResources Value="True"/>
        <ResourceBaseClass Value="Form"/>
        <UnitName Value="frm_gastomensualdestino"/>
        <EditorIndex Value="9"/>
        <WindowIndex Value="0"/>
        <TopLine Value="61"/>
        <CursorPos X="51" Y="71"/>
        <UsageCount Value="150"/>
        <Loaded Value="True"/>
        <LoadedDesigner Value="True"/>
      </Unit29>
      <Unit30>
        <Filename Value="frm_buscarcontratos.pas"/>
        <IsPartOfProject Value="True"/>
        <ComponentName Value="frmBuscarContratos"/>
        <HasResources Value="True"/>
        <ResourceBaseClass Value="Form"/>
        <UnitName Value="frm_buscarcontratos"/>
        <WindowIndex Value="0"/>
        <TopLine Value="71"/>
        <CursorPos X="170" Y="65"/>
        <UsageCount Value="142"/>
      </Unit30>
      <Unit31>
        <Filename Value="..\..\..\Utiles\lazarus\fpc\2.4.2\source\rtl\objpas\sysutils\sysinth.inc"/>
        <WindowIndex Value="0"/>
        <TopLine Value="57"/>
        <CursorPos X="3" Y="33"/>
        <UsageCount Value="21"/>
      </Unit31>
      <Unit32>
        <Filename Value="dmliquidaciones.pas"/>
        <IsPartOfProject Value="True"/>
        <ComponentName Value="DM_Liquidacion"/>
        <HasResources Value="True"/>
        <ResourceBaseClass Value="DataModule"/>
        <UnitName Value="dmliquidaciones"/>
        <WindowIndex Value="0"/>
        <TopLine Value="13"/>
        <CursorPos X="56" Y="22"/>
        <UsageCount Value="117"/>
      </Unit32>
      <Unit33>
        <Filename Value="dmliqinquilinos.pas"/>
        <IsPartOfProject Value="True"/>
        <ComponentName Value="DM_LIQINQ"/>
        <HasResources Value="True"/>
        <ResourceBaseClass Value="DataModule"/>
        <UnitName Value="dmliqinquilinos"/>
        <IsVisibleTab Value="True"/>
        <EditorIndex Value="10"/>
        <WindowIndex Value="0"/>
        <TopLine Value="601"/>
        <CursorPos X="87" Y="624"/>
        <UsageCount Value="115"/>
        <Loaded Value="True"/>
        <LoadedDesigner Value="True"/>
      </Unit33>
      <Unit34>
        <Filename Value="frm_cuentacontratoae.pas"/>
        <IsPartOfProject Value="True"/>
        <ComponentName Value="frmCuentaContratoAE"/>
        <HasResources Value="True"/>
        <ResourceBaseClass Value="Form"/>
        <UnitName Value="frm_cuentacontratoae"/>
        <WindowIndex Value="0"/>
        <TopLine Value="184"/>
        <CursorPos X="24" Y="192"/>
        <UsageCount Value="113"/>
      </Unit34>
      <Unit35>
        <Filename Value="frm_propiedadescuotas.pas"/>
        <IsPartOfProject Value="True"/>
        <ComponentName Value="frmPropiedadesCuotas"/>
        <HasResources Value="True"/>
        <ResourceBaseClass Value="Form"/>
        <UnitName Value="frm_propiedadescuotas"/>
        <WindowIndex Value="0"/>
        <TopLine Value="30"/>
        <CursorPos X="40" Y="62"/>
        <UsageCount Value="99"/>
      </Unit35>
      <Unit36>
        <Filename Value="..\..\..\Utiles\lazarus\components\rxfpc\rxmemds.pas"/>
        <UnitName Value="rxmemds"/>
        <WindowIndex Value="0"/>
        <TopLine Value="100"/>
        <CursorPos X="15" Y="118"/>
        <UsageCount Value="15"/>
      </Unit36>
      <Unit37>
        <Filename Value="..\..\..\Utiles\lazarus\fpc\2.4.2\source\rtl\objpas\sysutils\datih.inc"/>
        <WindowIndex Value="0"/>
        <TopLine Value="91"/>
        <CursorPos X="10" Y="109"/>
        <UsageCount Value="7"/>
      </Unit37>
      <Unit38>
        <Filename Value="frm_inqgastomensualae.pas"/>
        <IsPartOfProject Value="True"/>
        <ComponentName Value="frmInqGastoMensualae"/>
        <HasResources Value="True"/>
        <ResourceBaseClass Value="Form"/>
        <UnitName Value="frm_inqgastomensualae"/>
        <WindowIndex Value="0"/>
        <TopLine Value="1"/>
        <CursorPos X="54" Y="11"/>
        <UsageCount Value="78"/>
      </Unit38>
      <Unit39>
        <Filename Value="frm_garanteslistado.pas"/>
        <IsPartOfProject Value="True"/>
        <ComponentName Value="frmGarantesListado"/>
        <HasResources Value="True"/>
        <ResourceBaseClass Value="Form"/>
        <UnitName Value="frm_garanteslistado"/>
        <WindowIndex Value="0"/>
        <TopLine Value="86"/>
        <CursorPos X="6" Y="102"/>
        <UsageCount Value="71"/>
      </Unit39>
      <Unit40>
        <Filename Value="frm_garantesae.pas"/>
        <IsPartOfProject Value="True"/>
        <ComponentName Value="frmGarantesAE"/>
        <HasResources Value="True"/>
        <ResourceBaseClass Value="Form"/>
        <UnitName Value="frm_garantesae"/>
        <WindowIndex Value="0"/>
        <TopLine Value="53"/>
        <CursorPos X="3" Y="76"/>
        <UsageCount Value="71"/>
      </Unit40>
      <Unit41>
        <Filename Value="dmgarantes.pas"/>
        <IsPartOfProject Value="True"/>
        <ComponentName Value="DM_Garantes"/>
        <HasResources Value="True"/>
        <ResourceBaseClass Value="DataModule"/>
        <UnitName Value="dmgarantes"/>
        <WindowIndex Value="0"/>
        <TopLine Value="111"/>
        <CursorPos X="58" Y="128"/>
        <UsageCount Value="71"/>
      </Unit41>
      <Unit42>
        <Filename Value="frm_inqgastomensualae.lfm"/>
        <WindowIndex Value="0"/>
        <TopLine Value="1"/>
        <CursorPos X="69" Y="17"/>
        <UsageCount Value="8"/>
        <DefaultSyntaxHighlighter Value="LFM"/>
      </Unit42>
      <Unit43>
        <Filename Value="frm_inquilinoscaja.pas"/>
        <IsPartOfProject Value="True"/>
        <ComponentName Value="frmCajaInquilino"/>
        <HasResources Value="True"/>
        <ResourceBaseClass Value="Form"/>
        <UnitName Value="frm_inquilinoscaja"/>
        <WindowIndex Value="0"/>
        <TopLine Value="78"/>
        <CursorPos X="50" Y="82"/>
        <UsageCount Value="58"/>
      </Unit43>
      <Unit44>
        <Filename Value="dmseguridad.pas"/>
        <IsPartOfProject Value="True"/>
        <ComponentName Value="DM_Seguridad"/>
        <HasResources Value="True"/>
        <ResourceBaseClass Value="DataModule"/>
        <UnitName Value="dmseguridad"/>
        <WindowIndex Value="0"/>
        <TopLine Value="1"/>
        <CursorPos X="28" Y="17"/>
        <UsageCount Value="52"/>
      </Unit44>
      <Unit45>
        <Filename Value="frm_gastosae.pas"/>
        <IsPartOfProject Value="True"/>
        <ComponentName Value="frmGastoAE"/>
        <HasResources Value="True"/>
        <ResourceBaseClass Value="Form"/>
        <UnitName Value="frm_gastosAE"/>
        <EditorIndex Value="3"/>
        <WindowIndex Value="0"/>
        <TopLine Value="1"/>
        <CursorPos X="51" Y="17"/>
        <UsageCount Value="42"/>
        <Loaded Value="True"/>
        <LoadedDesigner Value="True"/>
      </Unit45>
      <Unit46>
        <Filename Value="frm_cajaae.pas"/>
        <IsPartOfProject Value="True"/>
        <ComponentName Value="frmCajaAE"/>
        <HasResources Value="True"/>
        <ResourceBaseClass Value="Form"/>
        <UnitName Value="frm_cajaae"/>
        <EditorIndex Value="5"/>
        <WindowIndex Value="0"/>
        <TopLine Value="78"/>
        <CursorPos X="75" Y="58"/>
        <UsageCount Value="37"/>
        <Loaded Value="True"/>
        <LoadedDesigner Value="True"/>
      </Unit46>
      <Unit47>
        <Filename Value="frm_descuentosae.pas"/>
        <IsPartOfProject Value="True"/>
        <ComponentName Value="frmDescuentosAE"/>
        <HasResources Value="True"/>
        <ResourceBaseClass Value="Form"/>
        <UnitName Value="frm_descuentosae"/>
        <EditorIndex Value="4"/>
        <WindowIndex Value="0"/>
        <TopLine Value="40"/>
        <CursorPos X="21" Y="45"/>
        <UsageCount Value="27"/>
        <Loaded Value="True"/>
        <LoadedDesigner Value="True"/>
      </Unit47>
      <Unit48>
        <Filename Value="frm_pagaresae.pas"/>
        <IsPartOfProject Value="True"/>
        <ComponentName Value="frmPagaresAE"/>
        <HasResources Value="True"/>
        <ResourceBaseClass Value="Form"/>
        <UnitName Value="frm_pagaresae"/>
        <EditorIndex Value="6"/>
        <WindowIndex Value="0"/>
        <TopLine Value="12"/>
        <CursorPos X="1" Y="86"/>
        <UsageCount Value="25"/>
        <Loaded Value="True"/>
        <LoadedDesigner Value="True"/>
      </Unit48>
      <Unit49>
        <Filename Value="frm_selmes.pas"/>
        <IsPartOfProject Value="True"/>
        <ComponentName Value="frmSeleccionMes"/>
        <HasResources Value="True"/>
        <ResourceBaseClass Value="Form"/>
        <UnitName Value="frm_selMes"/>
        <EditorIndex Value="2"/>
        <WindowIndex Value="0"/>
        <TopLine Value="36"/>
        <CursorPos X="29" Y="57"/>
        <UsageCount Value="24"/>
        <Loaded Value="True"/>
        <LoadedDesigner Value="True"/>
      </Unit49>
    </Units>
    <JumpHistory Count="30" HistoryIndex="29">
      <Position1>
        <Filename Value="frm_contratoae.pas"/>
        <Caret Line="722" Column="59" TopLine="691"/>
      </Position1>
      <Position2>
        <Filename Value="dmliqinquilinos.pas"/>
        <Caret Line="545" Column="3" TopLine="512"/>
      </Position2>
      <Position3>
        <Filename Value="frm_selmes.pas"/>
        <Caret Line="40" Column="1" TopLine="16"/>
      </Position3>
      <Position4>
        <Filename Value="frm_selmes.pas"/>
        <Caret Line="29" Column="64" TopLine="14"/>
      </Position4>
      <Position5>
        <Filename Value="frm_contratoae.pas"/>
        <Caret Line="722" Column="36" TopLine="697"/>
      </Position5>
      <Position6>
        <Filename Value="dmliqinquilinos.pas"/>
        <Caret Line="131" Column="49" TopLine="103"/>
      </Position6>
      <Position7>
        <Filename Value="frm_contratoae.pas"/>
        <Caret Line="722" Column="30" TopLine="697"/>
      </Position7>
      <Position8>
        <Filename Value="dmliqinquilinos.pas"/>
        <Caret Line="133" Column="80" TopLine="110"/>
      </Position8>
      <Position9>
        <Filename Value="dmliqinquilinos.pas"/>
        <Caret Line="548" Column="100" TopLine="526"/>
      </Position9>
      <Position10>
        <Filename Value="dmliqinquilinos.pas"/>
        <Caret Line="567" Column="7" TopLine="533"/>
      </Position10>
      <Position11>
        <Filename Value="dmliqinquilinos.pas"/>
        <Caret Line="574" Column="7" TopLine="540"/>
      </Position11>
      <Position12>
        <Filename Value="dmliqinquilinos.pas"/>
        <Caret Line="210" Column="49" TopLine="199"/>
      </Position12>
      <Position13>
        <Filename Value="dmliqinquilinos.pas"/>
        <Caret Line="211" Column="49" TopLine="200"/>
      </Position13>
      <Position14>
        <Filename Value="dmliqinquilinos.pas"/>
        <Caret Line="212" Column="49" TopLine="201"/>
      </Position14>
      <Position15>
        <Filename Value="dmliqinquilinos.pas"/>
        <Caret Line="213" Column="49" TopLine="202"/>
      </Position15>
      <Position16>
        <Filename Value="dmliqinquilinos.pas"/>
        <Caret Line="214" Column="49" TopLine="203"/>
      </Position16>
      <Position17>
        <Filename Value="dmliqinquilinos.pas"/>
        <Caret Line="215" Column="49" TopLine="204"/>
      </Position17>
      <Position18>
        <Filename Value="dmliqinquilinos.pas"/>
        <Caret Line="216" Column="49" TopLine="205"/>
      </Position18>
      <Position19>
        <Filename Value="dmliqinquilinos.pas"/>
        <Caret Line="217" Column="49" TopLine="206"/>
      </Position19>
      <Position20>
        <Filename Value="dmliqinquilinos.pas"/>
        <Caret Line="218" Column="49" TopLine="207"/>
      </Position20>
      <Position21>
        <Filename Value="dmliqinquilinos.pas"/>
        <Caret Line="219" Column="49" TopLine="208"/>
      </Position21>
      <Position22>
        <Filename Value="dmliqinquilinos.pas"/>
        <Caret Line="220" Column="49" TopLine="209"/>
      </Position22>
      <Position23>
        <Filename Value="dmliqinquilinos.pas"/>
        <Caret Line="221" Column="49" TopLine="210"/>
      </Position23>
      <Position24>
        <Filename Value="dmliqinquilinos.pas"/>
        <Caret Line="222" Column="49" TopLine="211"/>
      </Position24>
      <Position25>
        <Filename Value="dmliqinquilinos.pas"/>
        <Caret Line="223" Column="49" TopLine="212"/>
      </Position25>
      <Position26>
        <Filename Value="dmliqinquilinos.pas"/>
        <Caret Line="224" Column="49" TopLine="213"/>
      </Position26>
      <Position27>
        <Filename Value="dmliqinquilinos.pas"/>
        <Caret Line="226" Column="49" TopLine="215"/>
      </Position27>
      <Position28>
        <Filename Value="dmliqinquilinos.pas"/>
        <Caret Line="618" Column="73" TopLine="589"/>
      </Position28>
      <Position29>
        <Filename Value="dmliqinquilinos.pas"/>
        <Caret Line="14" Column="22" TopLine="1"/>
      </Position29>
      <Position30>
        <Filename Value="dmliqinquilinos.pas"/>
        <Caret Line="626" Column="1" TopLine="600"/>
      </Position30>
    </JumpHistory>
  </ProjectOptions>
  <CompilerOptions>
    <Version Value="11"/>
    <PathDelim Value="\"/>
    <Target>
      <Filename Value="gac"/>
    </Target>
    <SearchPaths>
      <IncludeFiles Value="$(ProjOutDir)"/>
      <UnitOutputDirectory Value="lib\$(TargetCPU)-$(TargetOS)"/>
    </SearchPaths>
    <Linking>
      <Options>
        <Win32>
          <GraphicApplication Value="True"/>
        </Win32>
      </Options>
    </Linking>
    <Other>
      <CompilerMessages>
        <UseMsgFile Value="True"/>
      </CompilerMessages>
      <CompilerPath Value="$(CompPath)"/>
    </Other>
  </CompilerOptions>
  <Debugging>
    <Exceptions Count="3">
      <Item1>
        <Name Value="EAbort"/>
      </Item1>
      <Item2>
        <Name Value="ECodetoolError"/>
      </Item2>
      <Item3>
        <Name Value="EFOpenError"/>
      </Item3>
    </Exceptions>
  </Debugging>
</CONFIG>
